// !$*UTF8*$!
{
	archiveVersion = 1;
	classes = {
	};
	objectVersion = 46;
	objects = {

/* Begin PBXBuildFile section */
		18E0B45D6F6E1ECF47E7329D /* Os.cpp in Sources */ = {isa = PBXBuildFile; fileRef = 489E22254C0EF457CD7B9865 /* Os.cpp */; };
		2B3EA3979C6144895227F1D7 /* Process.cpp in Sources */ = {isa = PBXBuildFile; fileRef = 1F396DBF477426712F0FB3FF /* Process.cpp */; };
		43007AC1E4EA16B3DC112901 /* RealTimeTimer.cpp in Sources */ = {isa = PBXBuildFile; fileRef = 9C26BF496A4A12FBF1586589 /* RealTimeTimer.cpp */; };
		67DF0862BE6C72D496E586A2 /* Test.cpp in Sources */ = {isa = PBXBuildFile; fileRef = 6035026A63A5D49CE51278AA /* Test.cpp */; };
		E397B94BD79702BD5C82178B /* RankingScheduler.cpp in Sources */ = {isa = PBXBuildFile; fileRef = 3EA4ED3382B8BE65768A4373 /* RankingScheduler.cpp */; };
/* End PBXBuildFile section */

/* Begin PBXFileReference section */
		1F396DBF477426712F0FB3FF /* Process.cpp */ = {isa = PBXFileReference; lastKnownFileType = sourcecode.cpp.cpp; name = Process.cpp; path = ../src/Process.cpp; sourceTree = "<group>"; };
		3EA4ED3382B8BE65768A4373 /* RankingScheduler.cpp */ = {isa = PBXFileReference; lastKnownFileType = sourcecode.cpp.cpp; name = RankingScheduler.cpp; path = ../src/RankingScheduler.cpp; sourceTree = "<group>"; };
		489E22254C0EF457CD7B9865 /* Os.cpp */ = {isa = PBXFileReference; lastKnownFileType = sourcecode.cpp.cpp; name = Os.cpp; path = ../src/Os.cpp; sourceTree = "<group>"; };
		6035026A63A5D49CE51278AA /* Test.cpp */ = {isa = PBXFileReference; lastKnownFileType = sourcecode.cpp.cpp; name = Test.cpp; path = Test.cpp; sourceTree = "<group>"; };
		9870B9C9EAF6E4BBBD3B4809 /* test */ = {isa = PBXFileReference; explicitFileType = "compiled.mach-o.executable"; includeInIndex = 0; name = test; path = test; sourceTree = BUILT_PRODUCTS_DIR; };
		9C26BF496A4A12FBF1586589 /* RealTimeTimer.cpp */ = {isa = PBXFileReference; lastKnownFileType = sourcecode.cpp.cpp; name = RealTimeTimer.cpp; path = ../src/RealTimeTimer.cpp; sourceTree = "<group>"; };
/* End PBXFileReference section */

/* Begin PBXFrameworksBuildPhase section */
		3F2332B9A935B4AB4260A0F9 /* Frameworks */ = {
			isa = PBXFrameworksBuildPhase;
			buildActionMask = 2147483647;
			files = (
			);
			runOnlyForDeploymentPostprocessing = 0;
		};
/* End PBXFrameworksBuildPhase section */

/* Begin PBXCopyFilesBuildPhase section */
		6A861565A340DBD732D813A5 /* Embed Libraries */ = {
			isa = PBXCopyFilesBuildPhase;
			buildActionMask = 2147483647;
			dstPath = "";
			dstSubfolderSpec = 10;
			files = (
			);
			name = "Embed Libraries";
			runOnlyForDeploymentPostprocessing = 0;
		};
/* End PBXCopyFilesBuildPhase section */

/* Begin PBXGroup section */
		5775D4184366DFCA959E7A58 /* src */ = {
			isa = PBXGroup;
			children = (
				489E22254C0EF457CD7B9865 /* Os.cpp */,
				1F396DBF477426712F0FB3FF /* Process.cpp */,
				3EA4ED3382B8BE65768A4373 /* RankingScheduler.cpp */,
				9C26BF496A4A12FBF1586589 /* RealTimeTimer.cpp */,
			);
			name = src;
			sourceTree = "<group>";
		};
		5CE4FD33F70171A5433CBB73 /* tests */ = {
			isa = PBXGroup;
			children = (
				6035026A63A5D49CE51278AA /* Test.cpp */,
				5775D4184366DFCA959E7A58 /* src */,
				A6C936B49B3FADE6EA134CF4 /* Products */,
			);
			name = tests;
			sourceTree = "<group>";
		};
		A6C936B49B3FADE6EA134CF4 /* Products */ = {
			isa = PBXGroup;
			children = (
				9870B9C9EAF6E4BBBD3B4809 /* test */,
			);
			name = Products;
			sourceTree = "<group>";
		};
/* End PBXGroup section */

/* Begin PBXNativeTarget section */
		E7B3FC8F37C79141BA45C2CF /* tests */ = {
			isa = PBXNativeTarget;
			buildConfigurationList = 2D5E7B189770FD0A309BE958 /* Build configuration list for PBXNativeTarget "tests" */;
			buildPhases = (
				AF0AB359191D354BB2482199 /* Resources */,
				18B7CCB082CA4EA21BF53AF0 /* Sources */,
				3F2332B9A935B4AB4260A0F9 /* Frameworks */,
				6A861565A340DBD732D813A5 /* Embed Libraries */,
				9607AE3710C85E8F00CD1376 /* Postbuild */,
			);
			buildRules = (
			);
			dependencies = (
			);
			name = tests;
			productInstallPath = "$(HOME)/bin";
			productName = tests;
			productReference = 9870B9C9EAF6E4BBBD3B4809 /* test */;
			productType = "com.apple.product-type.tool";
		};
/* End PBXNativeTarget section */

/* Begin PBXProject section */
		08FB7793FE84155DC02AAC07 /* Project object */ = {
			isa = PBXProject;
			buildConfigurationList = 1DEB928908733DD80010E9CD /* Build configuration list for PBXProject "tests" */;
			compatibilityVersion = "Xcode 3.2";
			hasScannedForEncodings = 1;
			mainGroup = 5CE4FD33F70171A5433CBB73 /* tests */;
			projectDirPath = "";
			projectRoot = "";
			targets = (
				E7B3FC8F37C79141BA45C2CF /* test */,
			);
		};
/* End PBXProject section */

/* Begin PBXResourcesBuildPhase section */
		AF0AB359191D354BB2482199 /* Resources */ = {
			isa = PBXResourcesBuildPhase;
			buildActionMask = 2147483647;
			files = (
			);
			runOnlyForDeploymentPostprocessing = 0;
		};
/* End PBXResourcesBuildPhase section */

/* Begin PBXShellScriptBuildPhase section */
		9607AE3710C85E8F00CD1376 /* Postbuild */ = {
			isa = PBXShellScriptBuildPhase;
			buildActionMask = 2147483647;
			files = (
			);
			inputPaths = (
			);
			name = Postbuild;
			outputPaths = (
			);
			runOnlyForDeploymentPostprocessing = 0;
			shellPath = /bin/sh;
			shellScript = "set -e\nif [ \"${CONFIGURATION}\" = \"debug\" ]; then\n../build/bin/debug/tests/test\nfi\nif [ \"${CONFIGURATION}\" = \"release\" ]; then\n../build/bin/release/tests/test\nfi";
		};
/* End PBXShellScriptBuildPhase section */

/* Begin PBXSourcesBuildPhase section */
		18B7CCB082CA4EA21BF53AF0 /* Sources */ = {
			isa = PBXSourcesBuildPhase;
			buildActionMask = 2147483647;
			files = (
				67DF0862BE6C72D496E586A2 /* Test.cpp in Sources */,
				18E0B45D6F6E1ECF47E7329D /* Os.cpp in Sources */,
				2B3EA3979C6144895227F1D7 /* Process.cpp in Sources */,
				E397B94BD79702BD5C82178B /* RankingScheduler.cpp in Sources */,
				43007AC1E4EA16B3DC112901 /* RealTimeTimer.cpp in Sources */,
			);
			runOnlyForDeploymentPostprocessing = 0;
		};
/* End PBXSourcesBuildPhase section */

/* Begin PBXVariantGroup section */
/* End PBXVariantGroup section */

/* Begin XCBuildConfiguration section */
		8BCACE788530CFEA78CC2CB8 /* release */ = {
			isa = XCBuildConfiguration;
			buildSettings = {
				ALWAYS_SEARCH_USER_PATHS = NO;
				CONFIGURATION_BUILD_DIR = ../build/bin/release/tests;
				DEBUG_INFORMATION_FORMAT = "dwarf-with-dsym";
				GCC_DYNAMIC_NO_PIC = NO;
				INSTALL_PATH = /usr/local/bin;
				PRODUCT_NAME = test;
			};
			name = release;
		};
		A3981742F3ABABF47629DD82 /* debug */ = {
			isa = XCBuildConfiguration;
			buildSettings = {
				ARCHS = "$(NATIVE_ARCH_ACTUAL)";
				CLANG_CXX_LANGUAGE_STANDARD = "c++14";
				CONFIGURATION_BUILD_DIR = "$(SYMROOT)";
				CONFIGURATION_TEMP_DIR = "$(OBJROOT)";
				COPY_PHASE_STRIP = NO;
				GCC_ENABLE_FIX_AND_CONTINUE = YES;
				GCC_OPTIMIZATION_LEVEL = 0;
				GCC_PREPROCESSOR_DEFINITIONS = (
					DEBUG,
				);
				GCC_SYMBOLS_PRIVATE_EXTERN = NO;
				GCC_WARN_ABOUT_RETURN_TYPE = YES;
				GCC_WARN_UNUSED_VARIABLE = YES;
				OBJROOT = "../build/bin-obj/debug/tests";
				ONLY_ACTIVE_ARCH = YES;
				SYMROOT = ../build/bin/debug/tests;
				USER_HEADER_SEARCH_PATHS = (
					../src,
					../vendor/cest,
				);
			};
			name = debug;
		};
		A7E8BBFEA89BB8F01C7D8A3E /* debug */ = {
			isa = XCBuildConfiguration;
			buildSettings = {
				ALWAYS_SEARCH_USER_PATHS = NO;
				CONFIGURATION_BUILD_DIR = ../build/bin/debug/tests;
				DEBUG_INFORMATION_FORMAT = "dwarf-with-dsym";
				GCC_DYNAMIC_NO_PIC = NO;
				INSTALL_PATH = /usr/local/bin;
				PRODUCT_NAME = test;
			};
			name = debug;
		};
		DE62C9FC81AE532E9C7F203C /* release */ = {
			isa = XCBuildConfiguration;
			buildSettings = {
				ARCHS = "$(NATIVE_ARCH_ACTUAL)";
				CLANG_CXX_LANGUAGE_STANDARD = "c++14";
				CONFIGURATION_BUILD_DIR = "$(SYMROOT)";
				CONFIGURATION_TEMP_DIR = "$(OBJROOT)";
				GCC_OPTIMIZATION_LEVEL = 3;
				GCC_SYMBOLS_PRIVATE_EXTERN = NO;
				GCC_WARN_ABOUT_RETURN_TYPE = YES;
				GCC_WARN_UNUSED_VARIABLE = YES;
				OBJROOT = "../build/bin-obj/release/tests";
				ONLY_ACTIVE_ARCH = NO;
				SYMROOT = ../build/bin/release/tests;
				USER_HEADER_SEARCH_PATHS = (
					../src,
					../vendor/cest,
				);
			};
			name = release;
		};
/* End XCBuildConfiguration section */

/* Begin XCConfigurationList section */
		1DEB928908733DD80010E9CD /* Build configuration list for PBXProject "tests" */ = {
			isa = XCConfigurationList;
			buildConfigurations = (
				A3981742F3ABABF47629DD82 /* debug */,
				DE62C9FC81AE532E9C7F203C /* release */,
			);
			defaultConfigurationIsVisible = 0;
			defaultConfigurationName = debug;
		};
		2D5E7B189770FD0A309BE958 /* Build configuration list for PBXNativeTarget "test" */ = {
			isa = XCConfigurationList;
			buildConfigurations = (
				A7E8BBFEA89BB8F01C7D8A3E /* debug */,
				8BCACE788530CFEA78CC2CB8 /* release */,
			);
			defaultConfigurationIsVisible = 0;
			defaultConfigurationName = debug;
		};
/* End XCConfigurationList section */
};
rootObject = 08FB7793FE84155DC02AAC07 /* Project object */;
}